DEPENDENCIES
  mongodb_cookbook
    git: git@github.com:jemurphyuk/chef-cookbook-mongodb-intro.git
    revision: 633a8c9a76cb1946ba78c1ed0993720a8c9b90b3
  node_cookbook
    git: git@github.com:jemurphyuk/chef-cookbook-introduction.git
    revision: 904d76b683b4e82fbb983003c444914b42ad04ae

GRAPH
  apt (7.2.0)
  ark (5.0.0)
    seven_zip (>= 0.0.0)
  build-essential (8.2.1)
    mingw (>= 1.1)
    seven_zip (>= 0.0.0)
  mingw (2.1.0)
    seven_zip (>= 0.0.0)
  mongodb_cookbook (0.1.0)
    apt (>= 0.0.0)
  node_cookbook (0.1.0)
    apt (>= 0.0.0)
    nodejs (~> 5.0.0)
  nodejs (5.0.0)
    ark (>= 2.0.2)
    build-essential (>= 0.0.0)
  seven_zip (3.1.2)
    windows (>= 0.0.0)
  windows (6.0.1)
